
Microsoft Visual Studio Solution File, Format Version 12.00
# Visual Studio Version 17
VisualStudioVersion = 17.8.34309.116
MinimumVisualStudioVersion = 10.0.40219.1
Project("{8BC9CEB8-8B4A-11D0-8D11-00A0C91BC942}") = "Project4_Game_of-Rock-Paper-scissors", "Project4_Game_of-Rock-Paper-scissors\Project4_Game_of-Rock-Paper-scissors.vcxproj", "{6E314EC6-2AB5-4CA9-8732-22A55F101441}"
EndProject
Global
	GlobalSection(SolutionConfigurationPlatforms) = preSolution
		Debug|x64 = Debug|x64
		Debug|x86 = Debug|x86
		Release|x64 = Release|x64
		Release|x86 = Release|x86
	EndGlobalSection
	GlobalSection(ProjectConfigurationPlatforms) = postSolution
		{6E314EC6-2AB5-4CA9-8732-22A55F101441}.Debug|x64.ActiveCfg = Debug|x64
		{6E314EC6-2AB5-4CA9-8732-22A55F101441}.Debug|x64.Build.0 = Debug|x64
		{6E314EC6-2AB5-4CA9-8732-22A55F101441}.Debug|x86.ActiveCfg = Debug|Win32
		{6E314EC6-2AB5-4CA9-8732-22A55F101441}.Debug|x86.Build.0 = Debug|Win32
		{6E314EC6-2AB5-4CA9-8732-22A55F101441}.Release|x64.ActiveCfg = Release|x64
		{6E314EC6-2AB5-4CA9-8732-22A55F101441}.Release|x64.Build.0 = Release|x64
		{6E314EC6-2AB5-4CA9-8732-22A55F101441}.Release|x86.ActiveCfg = Release|Win32
		{6E314EC6-2AB5-4CA9-8732-22A55F101441}.Release|x86.Build.0 = Release|Win32
	EndGlobalSection
	GlobalSection(SolutionProperties) = preSolution
		HideSolutionNode = FALSE
	EndGlobalSection
	GlobalSection(ExtensibilityGlobals) = postSolution
		SolutionGuid = {A315B84C-671D-4A9A-8930-5D548075EE9F}
	EndGlobalSection
EndGlobal
